
Microsoft Visual Studio Solution File, Format Version 12.00
# Visual Studio Version 17
VisualStudioVersion = 17.9.34622.214
MinimumVisualStudioVersion = 10.0.40219.1
Project("{9A19103F-16F7-4668-BE54-9A1E7A4F7556}") = "Api", "Api\Api.csproj", "{29414D1D-9F63-4F90-AD67-63A256192902}"
EndProject
Project("{9A19103F-16F7-4668-BE54-9A1E7A4F7556}") = "Application", "Application\Application.csproj", "{5C7DB11B-C61A-45F2-88C1-329E1D387148}"
EndProject
Project("{9A19103F-16F7-4668-BE54-9A1E7A4F7556}") = "Domain", "Domain\Domain.csproj", "{5C7CAD81-497C-44D8-972F-2DF5ABAFE0A9}"
EndProject
Project("{FAE04EC0-301F-11D3-BF4B-00C04F79EFBC}") = "DataAccess", "DataAccess\DataAccess.csproj", "{41FAC93A-D5F1-4098-A5BF-087FBA8B1A65}"
EndProject
Global
	GlobalSection(SolutionConfigurationPlatforms) = preSolution
		Debug|Any CPU = Debug|Any CPU
		Release|Any CPU = Release|Any CPU
	EndGlobalSection
	GlobalSection(ProjectConfigurationPlatforms) = postSolution
		{29414D1D-9F63-4F90-AD67-63A256192902}.Debug|Any CPU.ActiveCfg = Debug|Any CPU
		{29414D1D-9F63-4F90-AD67-63A256192902}.Debug|Any CPU.Build.0 = Debug|Any CPU
		{29414D1D-9F63-4F90-AD67-63A256192902}.Release|Any CPU.ActiveCfg = Release|Any CPU
		{29414D1D-9F63-4F90-AD67-63A256192902}.Release|Any CPU.Build.0 = Release|Any CPU
		{5C7DB11B-C61A-45F2-88C1-329E1D387148}.Debug|Any CPU.ActiveCfg = Debug|Any CPU
		{5C7DB11B-C61A-45F2-88C1-329E1D387148}.Debug|Any CPU.Build.0 = Debug|Any CPU
		{5C7DB11B-C61A-45F2-88C1-329E1D387148}.Release|Any CPU.ActiveCfg = Release|Any CPU
		{5C7DB11B-C61A-45F2-88C1-329E1D387148}.Release|Any CPU.Build.0 = Release|Any CPU
		{5C7CAD81-497C-44D8-972F-2DF5ABAFE0A9}.Debug|Any CPU.ActiveCfg = Debug|Any CPU
		{5C7CAD81-497C-44D8-972F-2DF5ABAFE0A9}.Debug|Any CPU.Build.0 = Debug|Any CPU
		{5C7CAD81-497C-44D8-972F-2DF5ABAFE0A9}.Release|Any CPU.ActiveCfg = Release|Any CPU
		{5C7CAD81-497C-44D8-972F-2DF5ABAFE0A9}.Release|Any CPU.Build.0 = Release|Any CPU
		{41FAC93A-D5F1-4098-A5BF-087FBA8B1A65}.Debug|Any CPU.ActiveCfg = Debug|Any CPU
		{41FAC93A-D5F1-4098-A5BF-087FBA8B1A65}.Debug|Any CPU.Build.0 = Debug|Any CPU
		{41FAC93A-D5F1-4098-A5BF-087FBA8B1A65}.Release|Any CPU.ActiveCfg = Release|Any CPU
		{41FAC93A-D5F1-4098-A5BF-087FBA8B1A65}.Release|Any CPU.Build.0 = Release|Any CPU
	EndGlobalSection
	GlobalSection(SolutionProperties) = preSolution
		HideSolutionNode = FALSE
	EndGlobalSection
	GlobalSection(ExtensibilityGlobals) = postSolution
		SolutionGuid = {A2BEACDC-2215-4E99-BA08-89CD7773558C}
	EndGlobalSection
EndGlobal
